
Microsoft Visual Studio Solution File, Format Version 12.00
# Visual Studio Version 17
VisualStudioVersion = 17.1.32421.90
MinimumVisualStudioVersion = 10.0.40219.1
Project("{8BC9CEB8-8B4A-11D0-8D11-00A0C91BC942}") = "3D_2023_1010", "3D_2023_1010.vcxproj", "{684C243F-E344-4AA2-ADAA-BD4C8C07F721}"
EndProject
Global
	GlobalSection(SolutionConfigurationPlatforms) = preSolution
		Debug|x64 = Debug|x64
		Debug|x86 = Debug|x86
		Release|x64 = Release|x64
		Release|x86 = Release|x86
	EndGlobalSection
	GlobalSection(ProjectConfigurationPlatforms) = postSolution
		{684C243F-E344-4AA2-ADAA-BD4C8C07F721}.Debug|x64.ActiveCfg = Debug|x64
		{684C243F-E344-4AA2-ADAA-BD4C8C07F721}.Debug|x64.Build.0 = Debug|x64
		{684C243F-E344-4AA2-ADAA-BD4C8C07F721}.Debug|x86.ActiveCfg = Debug|Win32
		{684C243F-E344-4AA2-ADAA-BD4C8C07F721}.Debug|x86.Build.0 = Debug|Win32
		{684C243F-E344-4AA2-ADAA-BD4C8C07F721}.Release|x64.ActiveCfg = Release|x64
		{684C243F-E344-4AA2-ADAA-BD4C8C07F721}.Release|x64.Build.0 = Release|x64
		{684C243F-E344-4AA2-ADAA-BD4C8C07F721}.Release|x86.ActiveCfg = Release|Win32
		{684C243F-E344-4AA2-ADAA-BD4C8C07F721}.Release|x86.Build.0 = Release|Win32
	EndGlobalSection
	GlobalSection(SolutionProperties) = preSolution
		HideSolutionNode = FALSE
	EndGlobalSection
	GlobalSection(ExtensibilityGlobals) = postSolution
		SolutionGuid = {91AF1426-9EA7-41E0-BD49-C384537320AF}
	EndGlobalSection
EndGlobal
